
Microsoft Visual Studio Solution File, Format Version 12.00
# Visual Studio Version 17
VisualStudioVersion = 17.0.31919.166
MinimumVisualStudioVersion = 10.0.40219.1
Project("{FAE04EC0-301F-11D3-BF4B-00C04F79EFBC}") = "TwoSum", "TwoSum\TwoSum.csproj", "{95D623AF-7F6D-4569-8206-44963C336F33}"
EndProject
Global
	GlobalSection(SolutionConfigurationPlatforms) = preSolution
		Debug|Any CPU = Debug|Any CPU
		Release|Any CPU = Release|Any CPU
	EndGlobalSection
	GlobalSection(ProjectConfigurationPlatforms) = postSolution
		{95D623AF-7F6D-4569-8206-44963C336F33}.Debug|Any CPU.ActiveCfg = Debug|Any CPU
		{95D623AF-7F6D-4569-8206-44963C336F33}.Debug|Any CPU.Build.0 = Debug|Any CPU
		{95D623AF-7F6D-4569-8206-44963C336F33}.Release|Any CPU.ActiveCfg = Release|Any CPU
		{95D623AF-7F6D-4569-8206-44963C336F33}.Release|Any CPU.Build.0 = Release|Any CPU
	EndGlobalSection
	GlobalSection(SolutionProperties) = preSolution
		HideSolutionNode = FALSE
	EndGlobalSection
	GlobalSection(ExtensibilityGlobals) = postSolution
		SolutionGuid = {67A3EBEA-7581-4101-A9AB-34DA0A28FDEE}
	EndGlobalSection
EndGlobal
